
Microsoft Visual Studio Solution File, Format Version 12.00
# Visual Studio Version 17
VisualStudioVersion = 17.5.33424.131
MinimumVisualStudioVersion = 10.0.40219.1
Project("{9A19103F-16F7-4668-BE54-9A1E7A4F7556}") = "BlazorShop.Server", "BlazorShop\Server\BlazorShop.Server.csproj", "{D10C21CA-2F83-406D-9848-70DB00732873}"
EndProject
Project("{9A19103F-16F7-4668-BE54-9A1E7A4F7556}") = "BlazorShop.Client", "BlazorShop\Client\BlazorShop.Client.csproj", "{0DA06A06-4A05-4052-A103-5FD7FB4E5ADA}"
EndProject
Project("{9A19103F-16F7-4668-BE54-9A1E7A4F7556}") = "BlazorShop.Shared", "BlazorShop\Shared\BlazorShop.Shared.csproj", "{FFBE3DB3-6825-44E6-846E-93BCB54384EF}"
EndProject
Global
	GlobalSection(SolutionConfigurationPlatforms) = preSolution
		Debug|Any CPU = Debug|Any CPU
		Release|Any CPU = Release|Any CPU
	EndGlobalSection
	GlobalSection(ProjectConfigurationPlatforms) = postSolution
		{D10C21CA-2F83-406D-9848-70DB00732873}.Debug|Any CPU.ActiveCfg = Debug|Any CPU
		{D10C21CA-2F83-406D-9848-70DB00732873}.Debug|Any CPU.Build.0 = Debug|Any CPU
		{D10C21CA-2F83-406D-9848-70DB00732873}.Release|Any CPU.ActiveCfg = Release|Any CPU
		{D10C21CA-2F83-406D-9848-70DB00732873}.Release|Any CPU.Build.0 = Release|Any CPU
		{0DA06A06-4A05-4052-A103-5FD7FB4E5ADA}.Debug|Any CPU.ActiveCfg = Debug|Any CPU
		{0DA06A06-4A05-4052-A103-5FD7FB4E5ADA}.Debug|Any CPU.Build.0 = Debug|Any CPU
		{0DA06A06-4A05-4052-A103-5FD7FB4E5ADA}.Release|Any CPU.ActiveCfg = Release|Any CPU
		{0DA06A06-4A05-4052-A103-5FD7FB4E5ADA}.Release|Any CPU.Build.0 = Release|Any CPU
		{FFBE3DB3-6825-44E6-846E-93BCB54384EF}.Debug|Any CPU.ActiveCfg = Debug|Any CPU
		{FFBE3DB3-6825-44E6-846E-93BCB54384EF}.Debug|Any CPU.Build.0 = Debug|Any CPU
		{FFBE3DB3-6825-44E6-846E-93BCB54384EF}.Release|Any CPU.ActiveCfg = Release|Any CPU
		{FFBE3DB3-6825-44E6-846E-93BCB54384EF}.Release|Any CPU.Build.0 = Release|Any CPU
	EndGlobalSection
	GlobalSection(SolutionProperties) = preSolution
		HideSolutionNode = FALSE
	EndGlobalSection
	GlobalSection(ExtensibilityGlobals) = postSolution
		SolutionGuid = {17836A10-6B2F-4628-A6FC-E0569DB055FF}
	EndGlobalSection
EndGlobal
